
Microsoft Visual Studio Solution File, Format Version 12.00
# Visual Studio 15
VisualStudioVersion = 15.0.26124.0
MinimumVisualStudioVersion = 15.0.26124.0
Project("{2150E333-8FDC-42A3-9474-1A3956D46DE8}") = "src", "src", "{013FC1C3-9AFF-43CE-915C-6BF4FA32FE80}"
EndProject
Project("{FAE04EC0-301F-11D3-BF4B-00C04F79EFBC}") = "Validot", "src\Validot\Validot.csproj", "{BFD540CD-1648-4E7B-B5C5-B6EC0C6D4D22}"
EndProject
Project("{2150E333-8FDC-42A3-9474-1A3956D46DE8}") = "tests", "tests", "{1A57BE44-6C94-4A7C-A2B5-EE6CDB6E9176}"
EndProject
Project("{FAE04EC0-301F-11D3-BF4B-00C04F79EFBC}") = "Validot.Tests.Unit", "tests\Validot.Tests.Unit\Validot.Tests.Unit.csproj", "{6F71A1C1-319A-492F-B930-0FF4FB599918}"
EndProject
Project("{FAE04EC0-301F-11D3-BF4B-00C04F79EFBC}") = "Validot.Tests.Functional", "tests\Validot.Tests.Functional\Validot.Tests.Functional.csproj", "{E5AC95A3-1613-433C-A318-9A19B24BF73F}"
EndProject
Project("{FAE04EC0-301F-11D3-BF4B-00C04F79EFBC}") = "Validot.Benchmarks", "tests\Validot.Benchmarks\Validot.Benchmarks.csproj", "{D9D2BCCB-1D86-42A3-87F8-9FBA4057BD08}"
EndProject
Project("{FAE04EC0-301F-11D3-BF4B-00C04F79EFBC}") = "Validot.MemoryLeak", "tests\Validot.MemoryLeak\Validot.MemoryLeak.csproj", "{1030576B-DAC1-46C1-A6E3-6E809B5ED0EE}"
EndProject
Project("{9A19103F-16F7-4668-BE54-9A1E7A4F7556}") = "_build", "build\_build.csproj", "{4BDB92C9-0BA6-4740-A177-18E80611976A}"
EndProject
Project("{FAE04EC0-301F-11D3-BF4B-00C04F79EFBC}") = "AssemblyWithHolders", "tests\AssemblyWithHolders\AssemblyWithHolders.csproj", "{971FACBC-AF7F-4897-A081-947C6F2A864A}"
EndProject
Global
	GlobalSection(SolutionConfigurationPlatforms) = preSolution
		Debug|Any CPU = Debug|Any CPU
		Debug|x64 = Debug|x64
		Debug|x86 = Debug|x86
		Release|Any CPU = Release|Any CPU
		Release|x64 = Release|x64
		Release|x86 = Release|x86
	EndGlobalSection
	GlobalSection(SolutionProperties) = preSolution
		HideSolutionNode = FALSE
	EndGlobalSection
	GlobalSection(ProjectConfigurationPlatforms) = postSolution
		{4BDB92C9-0BA6-4740-A177-18E80611976A}.Debug|Any CPU.ActiveCfg = Debug|Any CPU
		{4BDB92C9-0BA6-4740-A177-18E80611976A}.Release|Any CPU.ActiveCfg = Release|Any CPU
		{BFD540CD-1648-4E7B-B5C5-B6EC0C6D4D22}.Debug|Any CPU.ActiveCfg = Debug|Any CPU
		{BFD540CD-1648-4E7B-B5C5-B6EC0C6D4D22}.Debug|Any CPU.Build.0 = Debug|Any CPU
		{BFD540CD-1648-4E7B-B5C5-B6EC0C6D4D22}.Debug|x64.ActiveCfg = Debug|Any CPU
		{BFD540CD-1648-4E7B-B5C5-B6EC0C6D4D22}.Debug|x64.Build.0 = Debug|Any CPU
		{BFD540CD-1648-4E7B-B5C5-B6EC0C6D4D22}.Debug|x86.ActiveCfg = Debug|Any CPU
		{BFD540CD-1648-4E7B-B5C5-B6EC0C6D4D22}.Debug|x86.Build.0 = Debug|Any CPU
		{BFD540CD-1648-4E7B-B5C5-B6EC0C6D4D22}.Release|Any CPU.ActiveCfg = Release|Any CPU
		{BFD540CD-1648-4E7B-B5C5-B6EC0C6D4D22}.Release|Any CPU.Build.0 = Release|Any CPU
		{BFD540CD-1648-4E7B-B5C5-B6EC0C6D4D22}.Release|x64.ActiveCfg = Release|Any CPU
		{BFD540CD-1648-4E7B-B5C5-B6EC0C6D4D22}.Release|x64.Build.0 = Release|Any CPU
		{BFD540CD-1648-4E7B-B5C5-B6EC0C6D4D22}.Release|x86.ActiveCfg = Release|Any CPU
		{BFD540CD-1648-4E7B-B5C5-B6EC0C6D4D22}.Release|x86.Build.0 = Release|Any CPU
		{6F71A1C1-319A-492F-B930-0FF4FB599918}.Debug|Any CPU.ActiveCfg = Debug|Any CPU
		{6F71A1C1-319A-492F-B930-0FF4FB599918}.Debug|Any CPU.Build.0 = Debug|Any CPU
		{6F71A1C1-319A-492F-B930-0FF4FB599918}.Debug|x64.ActiveCfg = Debug|Any CPU
		{6F71A1C1-319A-492F-B930-0FF4FB599918}.Debug|x64.Build.0 = Debug|Any CPU
		{6F71A1C1-319A-492F-B930-0FF4FB599918}.Debug|x86.ActiveCfg = Debug|Any CPU
		{6F71A1C1-319A-492F-B930-0FF4FB599918}.Debug|x86.Build.0 = Debug|Any CPU
		{6F71A1C1-319A-492F-B930-0FF4FB599918}.Release|Any CPU.ActiveCfg = Release|Any CPU
		{6F71A1C1-319A-492F-B930-0FF4FB599918}.Release|Any CPU.Build.0 = Release|Any CPU
		{6F71A1C1-319A-492F-B930-0FF4FB599918}.Release|x64.ActiveCfg = Release|Any CPU
		{6F71A1C1-319A-492F-B930-0FF4FB599918}.Release|x64.Build.0 = Release|Any CPU
		{6F71A1C1-319A-492F-B930-0FF4FB599918}.Release|x86.ActiveCfg = Release|Any CPU
		{6F71A1C1-319A-492F-B930-0FF4FB599918}.Release|x86.Build.0 = Release|Any CPU
		{E5AC95A3-1613-433C-A318-9A19B24BF73F}.Debug|Any CPU.ActiveCfg = Debug|Any CPU
		{E5AC95A3-1613-433C-A318-9A19B24BF73F}.Debug|Any CPU.Build.0 = Debug|Any CPU
		{E5AC95A3-1613-433C-A318-9A19B24BF73F}.Debug|x64.ActiveCfg = Debug|Any CPU
		{E5AC95A3-1613-433C-A318-9A19B24BF73F}.Debug|x64.Build.0 = Debug|Any CPU
		{E5AC95A3-1613-433C-A318-9A19B24BF73F}.Debug|x86.ActiveCfg = Debug|Any CPU
		{E5AC95A3-1613-433C-A318-9A19B24BF73F}.Debug|x86.Build.0 = Debug|Any CPU
		{E5AC95A3-1613-433C-A318-9A19B24BF73F}.Release|Any CPU.ActiveCfg = Release|Any CPU
		{E5AC95A3-1613-433C-A318-9A19B24BF73F}.Release|Any CPU.Build.0 = Release|Any CPU
		{E5AC95A3-1613-433C-A318-9A19B24BF73F}.Release|x64.ActiveCfg = Release|Any CPU
		{E5AC95A3-1613-433C-A318-9A19B24BF73F}.Release|x64.Build.0 = Release|Any CPU
		{E5AC95A3-1613-433C-A318-9A19B24BF73F}.Release|x86.ActiveCfg = Release|Any CPU
		{E5AC95A3-1613-433C-A318-9A19B24BF73F}.Release|x86.Build.0 = Release|Any CPU
		{D9D2BCCB-1D86-42A3-87F8-9FBA4057BD08}.Debug|Any CPU.ActiveCfg = Debug|Any CPU
		{D9D2BCCB-1D86-42A3-87F8-9FBA4057BD08}.Debug|Any CPU.Build.0 = Debug|Any CPU
		{D9D2BCCB-1D86-42A3-87F8-9FBA4057BD08}.Debug|x64.ActiveCfg = Debug|Any CPU
		{D9D2BCCB-1D86-42A3-87F8-9FBA4057BD08}.Debug|x64.Build.0 = Debug|Any CPU
		{D9D2BCCB-1D86-42A3-87F8-9FBA4057BD08}.Debug|x86.ActiveCfg = Debug|Any CPU
		{D9D2BCCB-1D86-42A3-87F8-9FBA4057BD08}.Debug|x86.Build.0 = Debug|Any CPU
		{D9D2BCCB-1D86-42A3-87F8-9FBA4057BD08}.Release|Any CPU.ActiveCfg = Release|Any CPU
		{D9D2BCCB-1D86-42A3-87F8-9FBA4057BD08}.Release|Any CPU.Build.0 = Release|Any CPU
		{D9D2BCCB-1D86-42A3-87F8-9FBA4057BD08}.Release|x64.ActiveCfg = Release|Any CPU
		{D9D2BCCB-1D86-42A3-87F8-9FBA4057BD08}.Release|x64.Build.0 = Release|Any CPU
		{D9D2BCCB-1D86-42A3-87F8-9FBA4057BD08}.Release|x86.ActiveCfg = Release|Any CPU
		{D9D2BCCB-1D86-42A3-87F8-9FBA4057BD08}.Release|x86.Build.0 = Release|Any CPU
		{1030576B-DAC1-46C1-A6E3-6E809B5ED0EE}.Debug|Any CPU.ActiveCfg = Debug|Any CPU
		{1030576B-DAC1-46C1-A6E3-6E809B5ED0EE}.Debug|Any CPU.Build.0 = Debug|Any CPU
		{1030576B-DAC1-46C1-A6E3-6E809B5ED0EE}.Debug|x64.ActiveCfg = Debug|Any CPU
		{1030576B-DAC1-46C1-A6E3-6E809B5ED0EE}.Debug|x64.Build.0 = Debug|Any CPU
		{1030576B-DAC1-46C1-A6E3-6E809B5ED0EE}.Debug|x86.ActiveCfg = Debug|Any CPU
		{1030576B-DAC1-46C1-A6E3-6E809B5ED0EE}.Debug|x86.Build.0 = Debug|Any CPU
		{1030576B-DAC1-46C1-A6E3-6E809B5ED0EE}.Release|Any CPU.ActiveCfg = Release|Any CPU
		{1030576B-DAC1-46C1-A6E3-6E809B5ED0EE}.Release|Any CPU.Build.0 = Release|Any CPU
		{1030576B-DAC1-46C1-A6E3-6E809B5ED0EE}.Release|x64.ActiveCfg = Release|Any CPU
		{1030576B-DAC1-46C1-A6E3-6E809B5ED0EE}.Release|x64.Build.0 = Release|Any CPU
		{1030576B-DAC1-46C1-A6E3-6E809B5ED0EE}.Release|x86.ActiveCfg = Release|Any CPU
		{1030576B-DAC1-46C1-A6E3-6E809B5ED0EE}.Release|x86.Build.0 = Release|Any CPU
		{971FACBC-AF7F-4897-A081-947C6F2A864A}.Debug|Any CPU.ActiveCfg = Debug|Any CPU
		{971FACBC-AF7F-4897-A081-947C6F2A864A}.Debug|Any CPU.Build.0 = Debug|Any CPU
		{971FACBC-AF7F-4897-A081-947C6F2A864A}.Debug|x64.ActiveCfg = Debug|Any CPU
		{971FACBC-AF7F-4897-A081-947C6F2A864A}.Debug|x64.Build.0 = Debug|Any CPU
		{971FACBC-AF7F-4897-A081-947C6F2A864A}.Debug|x86.ActiveCfg = Debug|Any CPU
		{971FACBC-AF7F-4897-A081-947C6F2A864A}.Debug|x86.Build.0 = Debug|Any CPU
		{971FACBC-AF7F-4897-A081-947C6F2A864A}.Release|Any CPU.ActiveCfg = Release|Any CPU
		{971FACBC-AF7F-4897-A081-947C6F2A864A}.Release|Any CPU.Build.0 = Release|Any CPU
		{971FACBC-AF7F-4897-A081-947C6F2A864A}.Release|x64.ActiveCfg = Release|Any CPU
		{971FACBC-AF7F-4897-A081-947C6F2A864A}.Release|x64.Build.0 = Release|Any CPU
		{971FACBC-AF7F-4897-A081-947C6F2A864A}.Release|x86.ActiveCfg = Release|Any CPU
		{971FACBC-AF7F-4897-A081-947C6F2A864A}.Release|x86.Build.0 = Release|Any CPU
	EndGlobalSection
	GlobalSection(NestedProjects) = preSolution
		{BFD540CD-1648-4E7B-B5C5-B6EC0C6D4D22} = {013FC1C3-9AFF-43CE-915C-6BF4FA32FE80}
		{6F71A1C1-319A-492F-B930-0FF4FB599918} = {1A57BE44-6C94-4A7C-A2B5-EE6CDB6E9176}
		{E5AC95A3-1613-433C-A318-9A19B24BF73F} = {1A57BE44-6C94-4A7C-A2B5-EE6CDB6E9176}
		{D9D2BCCB-1D86-42A3-87F8-9FBA4057BD08} = {1A57BE44-6C94-4A7C-A2B5-EE6CDB6E9176}
		{1030576B-DAC1-46C1-A6E3-6E809B5ED0EE} = {1A57BE44-6C94-4A7C-A2B5-EE6CDB6E9176}
		{971FACBC-AF7F-4897-A081-947C6F2A864A} = {1A57BE44-6C94-4A7C-A2B5-EE6CDB6E9176}
	EndGlobalSection
EndGlobal
