{
  "version": 1,
  "dependencies": {
    "net9.0": {
      "Roslynator.Analyzers": {
        "type": "Direct",
        "requested": "[4.12.4, )",
        "resolved": "4.12.4",
        "contentHash": "isl8hAh7yFNjyBEC4YlTSi+xGBblqBUC/2MCMmnBPwuXPewb7XYnMRzT3vXbP/gOGwT8hZUOy1g/aRH3lAF/NQ=="
      },
      "Roslynator.CodeFixes": {
        "type": "Direct",
        "requested": "[4.12.4, )",
        "resolved": "4.12.4",
        "contentHash": "pV1EGjsJM1tzkObgtVgA+fzaPqRkD41bLl2NQjASfeeGCESvZkPxXMY/rFw6b74PnYBdkKaf1JJvbi9jnWu8dw=="
      },
      "StyleCop.Analyzers": {
        "type": "Direct",
        "requested": "[1.2.0-beta.556, )",
        "resolved": "1.2.0-beta.556",
        "contentHash": "llRPgmA1fhC0I0QyFLEcjvtM2239QzKr/tcnbsjArLMJxJlu0AA5G7Fft0OI30pHF3MW63Gf4aSSsjc5m82J1Q==",
        "dependencies": {
          "StyleCop.Analyzers.Unstable": "1.2.0.556"
        }
      },
      "StyleCop.Analyzers.Unstable": {
        "type": "Transitive",
        "resolved": "1.2.0.556",
        "contentHash": "zvn9Mqs/ox/83cpYPignI8hJEM2A93s2HkHs8HYMOAQW0PkampyoErAiIyKxgTLqbbad29HX/shv/6LGSjPJNQ=="
      }
    }
  }
}